
Microsoft Visual Studio Solution File, Format Version 12.00
Project("{FAE04EC0-301F-11D3-BF4B-00C04F79EFBC}") = "GkhIo.Receipt.Pdf", "GkhIo.Receipt.Pdf\GkhIo.Receipt.Pdf.csproj", "{15078B15-E23B-4E8B-B8A0-CC2F721559B9}"
EndProject
Project("{2150E333-8FDC-42A3-9474-1A3956D46DE8}") = "SolutionFiles", "SolutionFiles", "{527FC690-27C3-4F35-863D-3B7AD7DA3B3A}"
EndProject
Global
	GlobalSection(SolutionConfigurationPlatforms) = preSolution
		Debug|Any CPU = Debug|Any CPU
		Release|Any CPU = Release|Any CPU
	EndGlobalSection
	GlobalSection(ProjectConfigurationPlatforms) = postSolution
		{15078B15-E23B-4E8B-B8A0-CC2F721559B9}.Debug|Any CPU.ActiveCfg = Debug|Any CPU
		{15078B15-E23B-4E8B-B8A0-CC2F721559B9}.Debug|Any CPU.Build.0 = Debug|Any CPU
		{15078B15-E23B-4E8B-B8A0-CC2F721559B9}.Release|Any CPU.ActiveCfg = Release|Any CPU
		{15078B15-E23B-4E8B-B8A0-CC2F721559B9}.Release|Any CPU.Build.0 = Release|Any CPU
	EndGlobalSection
EndGlobal
